
Microsoft Visual Studio Solution File, Format Version 10.00
# Visual Studio 2008
Project("{FAE04EC0-301F-11D3-BF4B-00C04F79EFBC}") = "RhinoSecurity.Models", "RhinoSecurity.Models\RhinoSecurity.Models.csproj", "{554A7C07-73BF-475B-A421-3A708ADF4BDE}"
EndProject
Project("{FAE04EC0-301F-11D3-BF4B-00C04F79EFBC}") = "RhinoSecurity.Web", "RhinoSecurity.Web\RhinoSecurity.Web.csproj", "{414170BB-1E95-4620-88E6-FAAD4AA56BA4}"
EndProject
Global
	GlobalSection(SubversionScc) = preSolution
		Svn-Managed = True
		Manager = AnkhSVN - Subversion Support for Visual Studio
	EndGlobalSection
	GlobalSection(SolutionConfigurationPlatforms) = preSolution
		Debug|Any CPU = Debug|Any CPU
		Release|Any CPU = Release|Any CPU
	EndGlobalSection
	GlobalSection(ProjectConfigurationPlatforms) = postSolution
		{554A7C07-73BF-475B-A421-3A708ADF4BDE}.Debug|Any CPU.ActiveCfg = Debug|Any CPU
		{554A7C07-73BF-475B-A421-3A708ADF4BDE}.Debug|Any CPU.Build.0 = Debug|Any CPU
		{554A7C07-73BF-475B-A421-3A708ADF4BDE}.Release|Any CPU.ActiveCfg = Release|Any CPU
		{554A7C07-73BF-475B-A421-3A708ADF4BDE}.Release|Any CPU.Build.0 = Release|Any CPU
		{414170BB-1E95-4620-88E6-FAAD4AA56BA4}.Debug|Any CPU.ActiveCfg = Debug|Any CPU
		{414170BB-1E95-4620-88E6-FAAD4AA56BA4}.Debug|Any CPU.Build.0 = Debug|Any CPU
		{414170BB-1E95-4620-88E6-FAAD4AA56BA4}.Release|Any CPU.ActiveCfg = Release|Any CPU
		{414170BB-1E95-4620-88E6-FAAD4AA56BA4}.Release|Any CPU.Build.0 = Release|Any CPU
	EndGlobalSection
	GlobalSection(SolutionProperties) = preSolution
		HideSolutionNode = FALSE
	EndGlobalSection
EndGlobal
